
Microsoft Visual Studio Solution File, Format Version 12.00
# Visual Studio Version 17
VisualStudioVersion = 17.13.35825.156
MinimumVisualStudioVersion = 10.0.40219.1
Project("{2150E333-8FDC-42A3-9474-1A3956D46DE8}") = "src", "src", "{02EA681E-C7D8-13C7-8484-4AC65E1B71E8}"
EndProject
Project("{2150E333-8FDC-42A3-9474-1A3956D46DE8}") = "tests", "tests", "{E0F06C4D-273D-434B-A56E-51D3C504E220}"
EndProject
Project("{FAE04EC0-301F-11D3-BF4B-00C04F79EFBC}") = "ClassicCalculatorWpfApp", "src\ClassicCalculatorWpfApp\ClassicCalculatorWpfApp.csproj", "{B3828D85-BDFF-44FF-994C-2A6C0BEE1B02}"
EndProject
Project("{FAE04EC0-301F-11D3-BF4B-00C04F79EFBC}") = "ClassicCalculatorWpfApp.Tests", "tests\ClassicCalculatorWpfApp.Tests\ClassicCalculatorWpfApp.Tests.csproj", "{F7CC7C02-180D-0A59-597C-43A7D95F1DEE}"
EndProject
Global
	GlobalSection(SolutionConfigurationPlatforms) = preSolution
		Debug|Any CPU = Debug|Any CPU
		Release|Any CPU = Release|Any CPU
	EndGlobalSection
	GlobalSection(ProjectConfigurationPlatforms) = postSolution
		{B3828D85-BDFF-44FF-994C-2A6C0BEE1B02}.Debug|Any CPU.ActiveCfg = Debug|Any CPU
		{B3828D85-BDFF-44FF-994C-2A6C0BEE1B02}.Debug|Any CPU.Build.0 = Debug|Any CPU
		{B3828D85-BDFF-44FF-994C-2A6C0BEE1B02}.Release|Any CPU.ActiveCfg = Release|Any CPU
		{B3828D85-BDFF-44FF-994C-2A6C0BEE1B02}.Release|Any CPU.Build.0 = Release|Any CPU
		{F7CC7C02-180D-0A59-597C-43A7D95F1DEE}.Debug|Any CPU.ActiveCfg = Debug|Any CPU
		{F7CC7C02-180D-0A59-597C-43A7D95F1DEE}.Debug|Any CPU.Build.0 = Debug|Any CPU
		{F7CC7C02-180D-0A59-597C-43A7D95F1DEE}.Release|Any CPU.ActiveCfg = Release|Any CPU
		{F7CC7C02-180D-0A59-597C-43A7D95F1DEE}.Release|Any CPU.Build.0 = Release|Any CPU
	EndGlobalSection
	GlobalSection(SolutionProperties) = preSolution
		HideSolutionNode = FALSE
	EndGlobalSection
	GlobalSection(NestedProjects) = preSolution
		{B3828D85-BDFF-44FF-994C-2A6C0BEE1B02} = {02EA681E-C7D8-13C7-8484-4AC65E1B71E8}
		{F7CC7C02-180D-0A59-597C-43A7D95F1DEE} = {E0F06C4D-273D-434B-A56E-51D3C504E220}
	EndGlobalSection
	GlobalSection(ExtensibilityGlobals) = postSolution
		SolutionGuid = {70AB11FF-DEE8-484D-BD3E-E337772C1009}
	EndGlobalSection
EndGlobal
